
Microsoft Visual Studio Solution File, Format Version 12.00
# Visual Studio Version 17
VisualStudioVersion = 17.2.32516.85
MinimumVisualStudioVersion = 10.0.40219.1
Project("{FAE04EC0-301F-11D3-BF4B-00C04F79EFBC}") = "GetAPIdemo", "GetAPIdemo\GetAPIdemo.csproj", "{4D669940-7F4C-4CC4-BB76-2B79BB3266E7}"
EndProject
Project("{54435603-DBB4-11D2-8724-00A0C9A8B90C}") = "SetupAPIdemo", "SetupAPIdemo\SetupAPIdemo.vdproj", "{07A47F9A-D177-4153-ABE5-77B66F6665F4}"
EndProject
Global
	GlobalSection(SolutionConfigurationPlatforms) = preSolution
		Debug|Any CPU = Debug|Any CPU
		Release|Any CPU = Release|Any CPU
	EndGlobalSection
	GlobalSection(ProjectConfigurationPlatforms) = postSolution
		{4D669940-7F4C-4CC4-BB76-2B79BB3266E7}.Debug|Any CPU.ActiveCfg = Debug|Any CPU
		{4D669940-7F4C-4CC4-BB76-2B79BB3266E7}.Debug|Any CPU.Build.0 = Debug|Any CPU
		{4D669940-7F4C-4CC4-BB76-2B79BB3266E7}.Release|Any CPU.ActiveCfg = Release|Any CPU
		{4D669940-7F4C-4CC4-BB76-2B79BB3266E7}.Release|Any CPU.Build.0 = Release|Any CPU
		{07A47F9A-D177-4153-ABE5-77B66F6665F4}.Debug|Any CPU.ActiveCfg = Debug
		{07A47F9A-D177-4153-ABE5-77B66F6665F4}.Release|Any CPU.ActiveCfg = Release
	EndGlobalSection
	GlobalSection(SolutionProperties) = preSolution
		HideSolutionNode = FALSE
	EndGlobalSection
	GlobalSection(ExtensibilityGlobals) = postSolution
		SolutionGuid = {BFFDCCE3-3356-4F89-BA59-B795C32EF4CC}
	EndGlobalSection
EndGlobal
